
Microsoft Visual Studio Solution File, Format Version 12.00
# Visual Studio Version 16
VisualStudioVersion = 16.0.31229.75
MinimumVisualStudioVersion = 10.0.40219.1
Project("{00D1A9C2-B5F0-4AF3-8072-F6C62B433612}") = "SistemaTaller.BackEnd.DB", "SistemaTaller.BackEnd.DB\SistemaTaller.BackEnd.DB.sqlproj", "{BA98447B-562E-423C-ACE8-7DE639AA2656}"
EndProject
Global
	GlobalSection(SolutionConfigurationPlatforms) = preSolution
		Debug|Any CPU = Debug|Any CPU
		Release|Any CPU = Release|Any CPU
	EndGlobalSection
	GlobalSection(ProjectConfigurationPlatforms) = postSolution
		{BA98447B-562E-423C-ACE8-7DE639AA2656}.Debug|Any CPU.ActiveCfg = Debug|Any CPU
		{BA98447B-562E-423C-ACE8-7DE639AA2656}.Debug|Any CPU.Build.0 = Debug|Any CPU
		{BA98447B-562E-423C-ACE8-7DE639AA2656}.Debug|Any CPU.Deploy.0 = Debug|Any CPU
		{BA98447B-562E-423C-ACE8-7DE639AA2656}.Release|Any CPU.ActiveCfg = Release|Any CPU
		{BA98447B-562E-423C-ACE8-7DE639AA2656}.Release|Any CPU.Build.0 = Release|Any CPU
		{BA98447B-562E-423C-ACE8-7DE639AA2656}.Release|Any CPU.Deploy.0 = Release|Any CPU
	EndGlobalSection
	GlobalSection(SolutionProperties) = preSolution
		HideSolutionNode = FALSE
	EndGlobalSection
	GlobalSection(ExtensibilityGlobals) = postSolution
		SolutionGuid = {097AFEFF-DA4E-4FAC-A26F-657E4D616CEF}
	EndGlobalSection
EndGlobal
